
Microsoft Visual Studio Solution File, Format Version 12.00
# Visual Studio 2013
VisualStudioVersion = 12.0.30110.0
MinimumVisualStudioVersion = 10.0.40219.1
Project("{FAE04EC0-301F-11D3-BF4B-00C04F79EFBC}") = "Log4stuff.Web", "Log4stuff.Web\Log4stuff.Web.csproj", "{A822740F-199B-44A5-A6E5-20A8F41ED3BB}"
EndProject
Project("{CC5FD16D-436D-48AD-A40C-5A424C6E3E79}") = "Log4stuff.Cloud", "Log4stuff.Cloud\Log4stuff.Cloud.ccproj", "{D1650C30-9526-44AB-A705-4F3266124DE1}"
EndProject
Project("{FAE04EC0-301F-11D3-BF4B-00C04F79EFBC}") = "Log4stuff.Tests", "Log4stuff.Tests\Log4stuff.Tests.csproj", "{4032D5D0-1FA3-4930-8134-3B652DD5EBB0}"
EndProject
Project("{FAE04EC0-301F-11D3-BF4B-00C04F79EFBC}") = "Log4stuff.Appender", "Log4stuff.Appender\Log4stuff.Appender.csproj", "{5AE1ECFD-A082-48CB-B485-747C3B12FB68}"
EndProject
Project("{FAE04EC0-301F-11D3-BF4B-00C04F79EFBC}") = "Log4stuff.Sample", "Log4stuff.Sample\Log4stuff.Sample.csproj", "{43D1C1F3-0EEA-4CA8-9C05-54D17300D65F}"
EndProject
Global
	GlobalSection(SolutionConfigurationPlatforms) = preSolution
		Debug|Any CPU = Debug|Any CPU
		Release|Any CPU = Release|Any CPU
	EndGlobalSection
	GlobalSection(ProjectConfigurationPlatforms) = postSolution
		{A822740F-199B-44A5-A6E5-20A8F41ED3BB}.Debug|Any CPU.ActiveCfg = Debug|Any CPU
		{A822740F-199B-44A5-A6E5-20A8F41ED3BB}.Debug|Any CPU.Build.0 = Debug|Any CPU
		{A822740F-199B-44A5-A6E5-20A8F41ED3BB}.Release|Any CPU.ActiveCfg = Release|Any CPU
		{A822740F-199B-44A5-A6E5-20A8F41ED3BB}.Release|Any CPU.Build.0 = Release|Any CPU
		{D1650C30-9526-44AB-A705-4F3266124DE1}.Debug|Any CPU.ActiveCfg = Debug|Any CPU
		{D1650C30-9526-44AB-A705-4F3266124DE1}.Debug|Any CPU.Build.0 = Debug|Any CPU
		{D1650C30-9526-44AB-A705-4F3266124DE1}.Release|Any CPU.ActiveCfg = Release|Any CPU
		{D1650C30-9526-44AB-A705-4F3266124DE1}.Release|Any CPU.Build.0 = Release|Any CPU
		{4032D5D0-1FA3-4930-8134-3B652DD5EBB0}.Debug|Any CPU.ActiveCfg = Debug|Any CPU
		{4032D5D0-1FA3-4930-8134-3B652DD5EBB0}.Debug|Any CPU.Build.0 = Debug|Any CPU
		{4032D5D0-1FA3-4930-8134-3B652DD5EBB0}.Release|Any CPU.ActiveCfg = Release|Any CPU
		{4032D5D0-1FA3-4930-8134-3B652DD5EBB0}.Release|Any CPU.Build.0 = Release|Any CPU
		{5AE1ECFD-A082-48CB-B485-747C3B12FB68}.Debug|Any CPU.ActiveCfg = Debug|Any CPU
		{5AE1ECFD-A082-48CB-B485-747C3B12FB68}.Debug|Any CPU.Build.0 = Debug|Any CPU
		{5AE1ECFD-A082-48CB-B485-747C3B12FB68}.Release|Any CPU.ActiveCfg = Release|Any CPU
		{5AE1ECFD-A082-48CB-B485-747C3B12FB68}.Release|Any CPU.Build.0 = Release|Any CPU
		{43D1C1F3-0EEA-4CA8-9C05-54D17300D65F}.Debug|Any CPU.ActiveCfg = Debug|Any CPU
		{43D1C1F3-0EEA-4CA8-9C05-54D17300D65F}.Debug|Any CPU.Build.0 = Debug|Any CPU
		{43D1C1F3-0EEA-4CA8-9C05-54D17300D65F}.Release|Any CPU.ActiveCfg = Release|Any CPU
		{43D1C1F3-0EEA-4CA8-9C05-54D17300D65F}.Release|Any CPU.Build.0 = Release|Any CPU
	EndGlobalSection
	GlobalSection(SolutionProperties) = preSolution
		HideSolutionNode = FALSE
	EndGlobalSection
EndGlobal
